
Microsoft Visual Studio Solution File, Format Version 12.00
# Visual Studio Version 16
VisualStudioVersion = 16.0.31313.79
MinimumVisualStudioVersion = 10.0.40219.1
Project("{9A19103F-16F7-4668-BE54-9A1E7A4F7556}") = "cloudtreinamentos", "cloudtreinamentos.csproj", "{4E25AA04-3CB3-48D2-B1A0-1EF4E4D3F7F8}"
EndProject
Global
	GlobalSection(SolutionConfigurationPlatforms) = preSolution
		Debug|Any CPU = Debug|Any CPU
		Release|Any CPU = Release|Any CPU
	EndGlobalSection
	GlobalSection(ProjectConfigurationPlatforms) = postSolution
		{4E25AA04-3CB3-48D2-B1A0-1EF4E4D3F7F8}.Debug|Any CPU.ActiveCfg = Debug|Any CPU
		{4E25AA04-3CB3-48D2-B1A0-1EF4E4D3F7F8}.Debug|Any CPU.Build.0 = Debug|Any CPU
		{4E25AA04-3CB3-48D2-B1A0-1EF4E4D3F7F8}.Release|Any CPU.ActiveCfg = Release|Any CPU
		{4E25AA04-3CB3-48D2-B1A0-1EF4E4D3F7F8}.Release|Any CPU.Build.0 = Release|Any CPU
	EndGlobalSection
	GlobalSection(SolutionProperties) = preSolution
		HideSolutionNode = FALSE
	EndGlobalSection
	GlobalSection(ExtensibilityGlobals) = postSolution
		SolutionGuid = {75F12492-2FFD-418C-A348-A8A3140B3EC0}
	EndGlobalSection
EndGlobal
